
Microsoft Visual Studio Solution File, Format Version 12.00
# Visual Studio Version 17
VisualStudioVersion = 17.1.32319.34
MinimumVisualStudioVersion = 10.0.40219.1
Project("{FAE04EC0-301F-11D3-BF4B-00C04F79EFBC}") = "CmdCommand", "CmdCommand\CmdCommand.csproj", "{217DCCD5-580A-4ED1-AD3D-A445E403E2E7}"
EndProject
Global
	GlobalSection(SolutionConfigurationPlatforms) = preSolution
		Debug|Any CPU = Debug|Any CPU
		Release|Any CPU = Release|Any CPU
	EndGlobalSection
	GlobalSection(ProjectConfigurationPlatforms) = postSolution
		{217DCCD5-580A-4ED1-AD3D-A445E403E2E7}.Debug|Any CPU.ActiveCfg = Debug|Any CPU
		{217DCCD5-580A-4ED1-AD3D-A445E403E2E7}.Debug|Any CPU.Build.0 = Debug|Any CPU
		{217DCCD5-580A-4ED1-AD3D-A445E403E2E7}.Release|Any CPU.ActiveCfg = Release|Any CPU
		{217DCCD5-580A-4ED1-AD3D-A445E403E2E7}.Release|Any CPU.Build.0 = Release|Any CPU
	EndGlobalSection
	GlobalSection(SolutionProperties) = preSolution
		HideSolutionNode = FALSE
	EndGlobalSection
	GlobalSection(ExtensibilityGlobals) = postSolution
		SolutionGuid = {83F1C99D-F655-4DC8-B491-499BA6C2BAF3}
	EndGlobalSection
EndGlobal
